
Microsoft Visual Studio Solution File, Format Version 12.00
# Visual Studio Version 16
VisualStudioVersion = 16.0.30611.23
MinimumVisualStudioVersion = 10.0.40219.1
Project("{FAE04EC0-301F-11D3-BF4B-00C04F79EFBC}") = "Innova-Funding.API", "Innova-Funding.API\Innova-Funding.API.csproj", "{58D28126-5C0B-42E5-AE7C-DEDA2142D4CA}"
EndProject
Project("{FAE04EC0-301F-11D3-BF4B-00C04F79EFBC}") = "Innova-Funding.Core", "Innova-Funding.Core\Innova-Funding.Core.csproj", "{5429F4BC-25EA-4486-B408-D06BE3D6B17C}"
EndProject
Project("{FAE04EC0-301F-11D3-BF4B-00C04F79EFBC}") = "Innova-Funding.Infraestructure", "Innova-Funding.Infraestructure\Innova-Funding.Infraestructure.csproj", "{18D7DA31-9F19-44E8-8D59-29129804A34F}"
EndProject
Project("{2150E333-8FDC-42A3-9474-1A3956D46DE8}") = "Tests", "Tests", "{0CFB25AE-C0DD-4CCF-BC0E-D9B40CFDAC7A}"
EndProject
Project("{FAE04EC0-301F-11D3-BF4B-00C04F79EFBC}") = "Innova-Funding.UnitTests", "Innova-Funding.UnitTests\Innova-Funding.UnitTests.csproj", "{73C1FA53-9DF6-4BCA-871E-202C70A47B7B}"
EndProject
Project("{FAE04EC0-301F-11D3-BF4B-00C04F79EFBC}") = "Innova-Funding.IntegrationTests", "Innova-Funding.IntegrationTests\Innova-Funding.IntegrationTests.csproj", "{8C553327-81C5-4D3E-8204-47399B4A9BA3}"
EndProject
Global
	GlobalSection(SolutionConfigurationPlatforms) = preSolution
		Debug|Any CPU = Debug|Any CPU
		Release|Any CPU = Release|Any CPU
	EndGlobalSection
	GlobalSection(ProjectConfigurationPlatforms) = postSolution
		{58D28126-5C0B-42E5-AE7C-DEDA2142D4CA}.Debug|Any CPU.ActiveCfg = Debug|Any CPU
		{58D28126-5C0B-42E5-AE7C-DEDA2142D4CA}.Debug|Any CPU.Build.0 = Debug|Any CPU
		{58D28126-5C0B-42E5-AE7C-DEDA2142D4CA}.Release|Any CPU.ActiveCfg = Release|Any CPU
		{58D28126-5C0B-42E5-AE7C-DEDA2142D4CA}.Release|Any CPU.Build.0 = Release|Any CPU
		{5429F4BC-25EA-4486-B408-D06BE3D6B17C}.Debug|Any CPU.ActiveCfg = Debug|Any CPU
		{5429F4BC-25EA-4486-B408-D06BE3D6B17C}.Debug|Any CPU.Build.0 = Debug|Any CPU
		{5429F4BC-25EA-4486-B408-D06BE3D6B17C}.Release|Any CPU.ActiveCfg = Release|Any CPU
		{5429F4BC-25EA-4486-B408-D06BE3D6B17C}.Release|Any CPU.Build.0 = Release|Any CPU
		{18D7DA31-9F19-44E8-8D59-29129804A34F}.Debug|Any CPU.ActiveCfg = Debug|Any CPU
		{18D7DA31-9F19-44E8-8D59-29129804A34F}.Debug|Any CPU.Build.0 = Debug|Any CPU
		{18D7DA31-9F19-44E8-8D59-29129804A34F}.Release|Any CPU.ActiveCfg = Release|Any CPU
		{18D7DA31-9F19-44E8-8D59-29129804A34F}.Release|Any CPU.Build.0 = Release|Any CPU
		{73C1FA53-9DF6-4BCA-871E-202C70A47B7B}.Debug|Any CPU.ActiveCfg = Debug|Any CPU
		{73C1FA53-9DF6-4BCA-871E-202C70A47B7B}.Debug|Any CPU.Build.0 = Debug|Any CPU
		{73C1FA53-9DF6-4BCA-871E-202C70A47B7B}.Release|Any CPU.ActiveCfg = Release|Any CPU
		{73C1FA53-9DF6-4BCA-871E-202C70A47B7B}.Release|Any CPU.Build.0 = Release|Any CPU
		{8C553327-81C5-4D3E-8204-47399B4A9BA3}.Debug|Any CPU.ActiveCfg = Debug|Any CPU
		{8C553327-81C5-4D3E-8204-47399B4A9BA3}.Debug|Any CPU.Build.0 = Debug|Any CPU
		{8C553327-81C5-4D3E-8204-47399B4A9BA3}.Release|Any CPU.ActiveCfg = Release|Any CPU
		{8C553327-81C5-4D3E-8204-47399B4A9BA3}.Release|Any CPU.Build.0 = Release|Any CPU
	EndGlobalSection
	GlobalSection(SolutionProperties) = preSolution
		HideSolutionNode = FALSE
	EndGlobalSection
	GlobalSection(NestedProjects) = preSolution
		{73C1FA53-9DF6-4BCA-871E-202C70A47B7B} = {0CFB25AE-C0DD-4CCF-BC0E-D9B40CFDAC7A}
		{8C553327-81C5-4D3E-8204-47399B4A9BA3} = {0CFB25AE-C0DD-4CCF-BC0E-D9B40CFDAC7A}
	EndGlobalSection
	GlobalSection(ExtensibilityGlobals) = postSolution
		SolutionGuid = {3F8C8021-A7BA-4AD0-BEE8-9A9EEEA9E04F}
	EndGlobalSection
EndGlobal
